// !$*UTF8*$!
{
	archiveVersion = 1;
	classes = {
	};
	objectVersion = 56;
	objects = {

/* Begin PBXBuildFile section */
		66CAD67A2B04E0BB00F7940E /* MovementComponent.swift in Sources */ = {isa = PBXBuildFile; fileRef = 66CAD6792B04E0BB00F7940E /* MovementComponent.swift */; };
		76FCDC192B027C2500E55B2A /* TheFangScapeApp.swift in Sources */ = {isa = PBXBuildFile; fileRef = 76FCDC182B027C2500E55B2A /* TheFangScapeApp.swift */; };
		76FCDC1B2B027C2500E55B2A /* ContentView.swift in Sources */ = {isa = PBXBuildFile; fileRef = 76FCDC1A2B027C2500E55B2A /* ContentView.swift */; };
		76FCDC1D2B027C2500E55B2A /* Assets.xcassets in Resources */ = {isa = PBXBuildFile; fileRef = 76FCDC1C2B027C2500E55B2A /* Assets.xcassets */; };
		76FCDC202B027C2500E55B2A /* Preview Assets.xcassets in Resources */ = {isa = PBXBuildFile; fileRef = 76FCDC1F2B027C2500E55B2A /* Preview Assets.xcassets */; };
		76FCDC282B027C5E00E55B2A /* GameScene.swift in Sources */ = {isa = PBXBuildFile; fileRef = 76FCDC272B027C5E00E55B2A /* GameScene.swift */; };
		76FCDC2A2B027D7200E55B2A /* SKEntityManager.swift in Sources */ = {isa = PBXBuildFile; fileRef = 76FCDC292B027D7200E55B2A /* SKEntityManager.swift */; };
		76FCDC2D2B027F2100E55B2A /* PlayerEntity.swift in Sources */ = {isa = PBXBuildFile; fileRef = 76FCDC2C2B027F2100E55B2A /* PlayerEntity.swift */; };
		76FCDC682B03C4F800E55B2A /* PhysicsComponent.swift in Sources */ = {isa = PBXBuildFile; fileRef = 76FCDC672B03C4F800E55B2A /* PhysicsComponent.swift */; };
		76FCDC6A2B03C8A100E55B2A /* IsGroundComponent.swift in Sources */ = {isa = PBXBuildFile; fileRef = 76FCDC692B03C8A100E55B2A /* IsGroundComponent.swift */; };
		76FCDC6C2B03CB3F00E55B2A /* GroundEntity.swift in Sources */ = {isa = PBXBuildFile; fileRef = 76FCDC6B2B03CB3F00E55B2A /* GroundEntity.swift */; };
		76FCDC6E2B03CF1600E55B2A /* IsWallComponent.swift in Sources */ = {isa = PBXBuildFile; fileRef = 76FCDC6D2B03CF1600E55B2A /* IsWallComponent.swift */; };
		76FCDC702B03CF2B00E55B2A /* WallEntity.swift in Sources */ = {isa = PBXBuildFile; fileRef = 76FCDC6F2B03CF2B00E55B2A /* WallEntity.swift */; };
		76FCDC762B04742E00E55B2A /* JumpComponent.swift in Sources */ = {isa = PBXBuildFile; fileRef = 76FCDC752B04742E00E55B2A /* JumpComponent.swift */; };
/* End PBXBuildFile section */

/* Begin PBXFileReference section */
		66CAD6792B04E0BB00F7940E /* MovementComponent.swift */ = {isa = PBXFileReference; lastKnownFileType = sourcecode.swift; path = MovementComponent.swift; sourceTree = "<group>"; };
		76FCDC152B027C2500E55B2A /* TheFangScape.app */ = {isa = PBXFileReference; explicitFileType = wrapper.application; includeInIndex = 0; path = TheFangScape.app; sourceTree = BUILT_PRODUCTS_DIR; };
		76FCDC182B027C2500E55B2A /* TheFangScapeApp.swift */ = {isa = PBXFileReference; lastKnownFileType = sourcecode.swift; path = TheFangScapeApp.swift; sourceTree = "<group>"; };
		76FCDC1A2B027C2500E55B2A /* ContentView.swift */ = {isa = PBXFileReference; lastKnownFileType = sourcecode.swift; path = ContentView.swift; sourceTree = "<group>"; };
		76FCDC1C2B027C2500E55B2A /* Assets.xcassets */ = {isa = PBXFileReference; lastKnownFileType = folder.assetcatalog; path = Assets.xcassets; sourceTree = "<group>"; };
		76FCDC1F2B027C2500E55B2A /* Preview Assets.xcassets */ = {isa = PBXFileReference; lastKnownFileType = folder.assetcatalog; path = "Preview Assets.xcassets"; sourceTree = "<group>"; };
		76FCDC272B027C5E00E55B2A /* GameScene.swift */ = {isa = PBXFileReference; lastKnownFileType = sourcecode.swift; path = GameScene.swift; sourceTree = "<group>"; };
		76FCDC292B027D7200E55B2A /* SKEntityManager.swift */ = {isa = PBXFileReference; lastKnownFileType = sourcecode.swift; path = SKEntityManager.swift; sourceTree = "<group>"; };
		76FCDC2C2B027F2100E55B2A /* PlayerEntity.swift */ = {isa = PBXFileReference; lastKnownFileType = sourcecode.swift; path = PlayerEntity.swift; sourceTree = "<group>"; };
		76FCDC672B03C4F800E55B2A /* PhysicsComponent.swift */ = {isa = PBXFileReference; lastKnownFileType = sourcecode.swift; path = PhysicsComponent.swift; sourceTree = "<group>"; };
		76FCDC692B03C8A100E55B2A /* IsGroundComponent.swift */ = {isa = PBXFileReference; lastKnownFileType = sourcecode.swift; path = IsGroundComponent.swift; sourceTree = "<group>"; };
		76FCDC6B2B03CB3F00E55B2A /* GroundEntity.swift */ = {isa = PBXFileReference; lastKnownFileType = sourcecode.swift; path = GroundEntity.swift; sourceTree = "<group>"; };
		76FCDC6D2B03CF1600E55B2A /* IsWallComponent.swift */ = {isa = PBXFileReference; lastKnownFileType = sourcecode.swift; path = IsWallComponent.swift; sourceTree = "<group>"; };
		76FCDC6F2B03CF2B00E55B2A /* WallEntity.swift */ = {isa = PBXFileReference; lastKnownFileType = sourcecode.swift; path = WallEntity.swift; sourceTree = "<group>"; };
		76FCDC752B04742E00E55B2A /* JumpComponent.swift */ = {isa = PBXFileReference; lastKnownFileType = sourcecode.swift; path = JumpComponent.swift; sourceTree = "<group>"; };
/* End PBXFileReference section */

/* Begin PBXFrameworksBuildPhase section */
		76FCDC122B027C2500E55B2A /* Frameworks */ = {
			isa = PBXFrameworksBuildPhase;
			buildActionMask = 2147483647;
			files = (
			);
			runOnlyForDeploymentPostprocessing = 0;
		};
/* End PBXFrameworksBuildPhase section */

/* Begin PBXGroup section */
		76FCDC0C2B027C2400E55B2A = {
			isa = PBXGroup;
			children = (
				76FCDC172B027C2500E55B2A /* TheFangScape */,
				76FCDC162B027C2500E55B2A /* Products */,
			);
			sourceTree = "<group>";
		};
		76FCDC162B027C2500E55B2A /* Products */ = {
			isa = PBXGroup;
			children = (
				76FCDC152B027C2500E55B2A /* TheFangScape.app */,
			);
			name = Products;
			sourceTree = "<group>";
		};
		76FCDC172B027C2500E55B2A /* TheFangScape */ = {
			isa = PBXGroup;
			children = (
				76FCDC2F2B0280B700E55B2A /* Managers */,
				76FCDC2E2B02809F00E55B2A /* Components */,
				76FCDC2B2B027F1400E55B2A /* Entities */,
				76FCDC262B027C4F00E55B2A /* Controllers */,
				76FCDC182B027C2500E55B2A /* TheFangScapeApp.swift */,
				76FCDC1A2B027C2500E55B2A /* ContentView.swift */,
				76FCDC1C2B027C2500E55B2A /* Assets.xcassets */,
				76FCDC1E2B027C2500E55B2A /* Preview Content */,
			);
			path = TheFangScape;
			sourceTree = "<group>";
		};
		76FCDC1E2B027C2500E55B2A /* Preview Content */ = {
			isa = PBXGroup;
			children = (
				76FCDC1F2B027C2500E55B2A /* Preview Assets.xcassets */,
			);
			path = "Preview Content";
			sourceTree = "<group>";
		};
		76FCDC262B027C4F00E55B2A /* Controllers */ = {
			isa = PBXGroup;
			children = (
				76FCDC272B027C5E00E55B2A /* GameScene.swift */,
			);
			path = Controllers;
			sourceTree = "<group>";
		};
		76FCDC2B2B027F1400E55B2A /* Entities */ = {
			isa = PBXGroup;
			children = (
				76FCDC2C2B027F2100E55B2A /* PlayerEntity.swift */,
				76FCDC6B2B03CB3F00E55B2A /* GroundEntity.swift */,
				76FCDC6F2B03CF2B00E55B2A /* WallEntity.swift */,
			);
			path = Entities;
			sourceTree = "<group>";
		};
		76FCDC2E2B02809F00E55B2A /* Components */ = {
			isa = PBXGroup;
			children = (
				76FCDC672B03C4F800E55B2A /* PhysicsComponent.swift */,
				76FCDC692B03C8A100E55B2A /* IsGroundComponent.swift */,
				76FCDC6D2B03CF1600E55B2A /* IsWallComponent.swift */,
				76FCDC752B04742E00E55B2A /* JumpComponent.swift */,
				66CAD6792B04E0BB00F7940E /* MovementComponent.swift */,
			);
			path = Components;
			sourceTree = "<group>";
		};
		76FCDC2F2B0280B700E55B2A /* Managers */ = {
			isa = PBXGroup;
			children = (
				76FCDC292B027D7200E55B2A /* SKEntityManager.swift */,
			);
			path = Managers;
			sourceTree = "<group>";
		};
/* End PBXGroup section */

/* Begin PBXNativeTarget section */
		76FCDC142B027C2500E55B2A /* TheFangScape */ = {
			isa = PBXNativeTarget;
			buildConfigurationList = 76FCDC232B027C2500E55B2A /* Build configuration list for PBXNativeTarget "TheFangScape" */;
			buildPhases = (
				76FCDC112B027C2500E55B2A /* Sources */,
				76FCDC122B027C2500E55B2A /* Frameworks */,
				76FCDC132B027C2500E55B2A /* Resources */,
			);
			buildRules = (
			);
			dependencies = (
			);
			name = TheFangScape;
			productName = TheFangScape;
			productReference = 76FCDC152B027C2500E55B2A /* TheFangScape.app */;
			productType = "com.apple.product-type.application";
		};
/* End PBXNativeTarget section */

/* Begin PBXProject section */
		76FCDC0D2B027C2400E55B2A /* Project object */ = {
			isa = PBXProject;
			attributes = {
				BuildIndependentTargetsInParallel = 1;
				LastSwiftUpdateCheck = 1500;
				LastUpgradeCheck = 1500;
				TargetAttributes = {
					76FCDC142B027C2500E55B2A = {
						CreatedOnToolsVersion = 15.0.1;
					};
				};
			};
			buildConfigurationList = 76FCDC102B027C2400E55B2A /* Build configuration list for PBXProject "TheFangScape" */;
			compatibilityVersion = "Xcode 14.0";
			developmentRegion = en;
			hasScannedForEncodings = 0;
			knownRegions = (
				en,
				Base,
			);
			mainGroup = 76FCDC0C2B027C2400E55B2A;
			productRefGroup = 76FCDC162B027C2500E55B2A /* Products */;
			projectDirPath = "";
			projectRoot = "";
			targets = (
				76FCDC142B027C2500E55B2A /* TheFangScape */,
			);
		};
/* End PBXProject section */

/* Begin PBXResourcesBuildPhase section */
		76FCDC132B027C2500E55B2A /* Resources */ = {
			isa = PBXResourcesBuildPhase;
			buildActionMask = 2147483647;
			files = (
				76FCDC202B027C2500E55B2A /* Preview Assets.xcassets in Resources */,
				76FCDC1D2B027C2500E55B2A /* Assets.xcassets in Resources */,
			);
			runOnlyForDeploymentPostprocessing = 0;
		};
/* End PBXResourcesBuildPhase section */

/* Begin PBXSourcesBuildPhase section */
		76FCDC112B027C2500E55B2A /* Sources */ = {
			isa = PBXSourcesBuildPhase;
			buildActionMask = 2147483647;
			files = (
				76FCDC762B04742E00E55B2A /* JumpComponent.swift in Sources */,
				76FCDC6E2B03CF1600E55B2A /* IsWallComponent.swift in Sources */,
				76FCDC2D2B027F2100E55B2A /* PlayerEntity.swift in Sources */,
				76FCDC6C2B03CB3F00E55B2A /* GroundEntity.swift in Sources */,
				66CAD67A2B04E0BB00F7940E /* MovementComponent.swift in Sources */,
				76FCDC682B03C4F800E55B2A /* PhysicsComponent.swift in Sources */,
				76FCDC282B027C5E00E55B2A /* GameScene.swift in Sources */,
				76FCDC1B2B027C2500E55B2A /* ContentView.swift in Sources */,
				76FCDC702B03CF2B00E55B2A /* WallEntity.swift in Sources */,
				76FCDC6A2B03C8A100E55B2A /* IsGroundComponent.swift in Sources */,
				76FCDC2A2B027D7200E55B2A /* SKEntityManager.swift in Sources */,
				76FCDC192B027C2500E55B2A /* TheFangScapeApp.swift in Sources */,
			);
			runOnlyForDeploymentPostprocessing = 0;
		};
/* End PBXSourcesBuildPhase section */

/* Begin XCBuildConfiguration section */
		76FCDC212B027C2500E55B2A /* Debug */ = {
			isa = XCBuildConfiguration;
			buildSettings = {
				ALWAYS_SEARCH_USER_PATHS = NO;
				ASSETCATALOG_COMPILER_GENERATE_SWIFT_ASSET_SYMBOL_EXTENSIONS = YES;
				CLANG_ANALYZER_NONNULL = YES;
				CLANG_ANALYZER_NUMBER_OBJECT_CONVERSION = YES_AGGRESSIVE;
				CLANG_CXX_LANGUAGE_STANDARD = "gnu++20";
				CLANG_ENABLE_MODULES = YES;
				CLANG_ENABLE_OBJC_ARC = YES;
				CLANG_ENABLE_OBJC_WEAK = YES;
				CLANG_WARN_BLOCK_CAPTURE_AUTORELEASING = YES;
				CLANG_WARN_BOOL_CONVERSION = YES;
				CLANG_WARN_COMMA = YES;
				CLANG_WARN_CONSTANT_CONVERSION = YES;
				CLANG_WARN_DEPRECATED_OBJC_IMPLEMENTATIONS = YES;
				CLANG_WARN_DIRECT_OBJC_ISA_USAGE = YES_ERROR;
				CLANG_WARN_DOCUMENTATION_COMMENTS = YES;
				CLANG_WARN_EMPTY_BODY = YES;
				CLANG_WARN_ENUM_CONVERSION = YES;
				CLANG_WARN_INFINITE_RECURSION = YES;
				CLANG_WARN_INT_CONVERSION = YES;
				CLANG_WARN_NON_LITERAL_NULL_CONVERSION = YES;
				CLANG_WARN_OBJC_IMPLICIT_RETAIN_SELF = YES;
				CLANG_WARN_OBJC_LITERAL_CONVERSION = YES;
				CLANG_WARN_OBJC_ROOT_CLASS = YES_ERROR;
				CLANG_WARN_QUOTED_INCLUDE_IN_FRAMEWORK_HEADER = YES;
				CLANG_WARN_RANGE_LOOP_ANALYSIS = YES;
				CLANG_WARN_STRICT_PROTOTYPES = YES;
				CLANG_WARN_SUSPICIOUS_MOVE = YES;
				CLANG_WARN_UNGUARDED_AVAILABILITY = YES_AGGRESSIVE;
				CLANG_WARN_UNREACHABLE_CODE = YES;
				CLANG_WARN__DUPLICATE_METHOD_MATCH = YES;
				COPY_PHASE_STRIP = NO;
				DEBUG_INFORMATION_FORMAT = dwarf;
				ENABLE_STRICT_OBJC_MSGSEND = YES;
				ENABLE_TESTABILITY = YES;
				ENABLE_USER_SCRIPT_SANDBOXING = YES;
				GCC_C_LANGUAGE_STANDARD = gnu17;
				GCC_DYNAMIC_NO_PIC = NO;
				GCC_NO_COMMON_BLOCKS = YES;
				GCC_OPTIMIZATION_LEVEL = 0;
				GCC_PREPROCESSOR_DEFINITIONS = (
					"DEBUG=1",
					"$(inherited)",
				);
				GCC_WARN_64_TO_32_BIT_CONVERSION = YES;
				GCC_WARN_ABOUT_RETURN_TYPE = YES_ERROR;
				GCC_WARN_UNDECLARED_SELECTOR = YES;
				GCC_WARN_UNINITIALIZED_AUTOS = YES_AGGRESSIVE;
				GCC_WARN_UNUSED_FUNCTION = YES;
				GCC_WARN_UNUSED_VARIABLE = YES;
				IPHONEOS_DEPLOYMENT_TARGET = 17.0;
				LOCALIZATION_PREFERS_STRING_CATALOGS = YES;
				MTL_ENABLE_DEBUG_INFO = INCLUDE_SOURCE;
				MTL_FAST_MATH = YES;
				ONLY_ACTIVE_ARCH = YES;
				SDKROOT = iphoneos;
				SWIFT_ACTIVE_COMPILATION_CONDITIONS = "DEBUG $(inherited)";
				SWIFT_OPTIMIZATION_LEVEL = "-Onone";
			};
			name = Debug;
		};
		76FCDC222B027C2500E55B2A /* Release */ = {
			isa = XCBuildConfiguration;
			buildSettings = {
				ALWAYS_SEARCH_USER_PATHS = NO;
				ASSETCATALOG_COMPILER_GENERATE_SWIFT_ASSET_SYMBOL_EXTENSIONS = YES;
				CLANG_ANALYZER_NONNULL = YES;
				CLANG_ANALYZER_NUMBER_OBJECT_CONVERSION = YES_AGGRESSIVE;
				CLANG_CXX_LANGUAGE_STANDARD = "gnu++20";
				CLANG_ENABLE_MODULES = YES;
				CLANG_ENABLE_OBJC_ARC = YES;
				CLANG_ENABLE_OBJC_WEAK = YES;
				CLANG_WARN_BLOCK_CAPTURE_AUTORELEASING = YES;
				CLANG_WARN_BOOL_CONVERSION = YES;
				CLANG_WARN_COMMA = YES;
				CLANG_WARN_CONSTANT_CONVERSION = YES;
				CLANG_WARN_DEPRECATED_OBJC_IMPLEMENTATIONS = YES;
				CLANG_WARN_DIRECT_OBJC_ISA_USAGE = YES_ERROR;
				CLANG_WARN_DOCUMENTATION_COMMENTS = YES;
				CLANG_WARN_EMPTY_BODY = YES;
				CLANG_WARN_ENUM_CONVERSION = YES;
				CLANG_WARN_INFINITE_RECURSION = YES;
				CLANG_WARN_INT_CONVERSION = YES;
				CLANG_WARN_NON_LITERAL_NULL_CONVERSION = YES;
				CLANG_WARN_OBJC_IMPLICIT_RETAIN_SELF = YES;
				CLANG_WARN_OBJC_LITERAL_CONVERSION = YES;
				CLANG_WARN_OBJC_ROOT_CLASS = YES_ERROR;
				CLANG_WARN_QUOTED_INCLUDE_IN_FRAMEWORK_HEADER = YES;
				CLANG_WARN_RANGE_LOOP_ANALYSIS = YES;
				CLANG_WARN_STRICT_PROTOTYPES = YES;
				CLANG_WARN_SUSPICIOUS_MOVE = YES;
				CLANG_WARN_UNGUARDED_AVAILABILITY = YES_AGGRESSIVE;
				CLANG_WARN_UNREACHABLE_CODE = YES;
				CLANG_WARN__DUPLICATE_METHOD_MATCH = YES;
				COPY_PHASE_STRIP = NO;
				DEBUG_INFORMATION_FORMAT = "dwarf-with-dsym";
				ENABLE_NS_ASSERTIONS = NO;
				ENABLE_STRICT_OBJC_MSGSEND = YES;
				ENABLE_USER_SCRIPT_SANDBOXING = YES;
				GCC_C_LANGUAGE_STANDARD = gnu17;
				GCC_NO_COMMON_BLOCKS = YES;
				GCC_WARN_64_TO_32_BIT_CONVERSION = YES;
				GCC_WARN_ABOUT_RETURN_TYPE = YES_ERROR;
				GCC_WARN_UNDECLARED_SELECTOR = YES;
				GCC_WARN_UNINITIALIZED_AUTOS = YES_AGGRESSIVE;
				GCC_WARN_UNUSED_FUNCTION = YES;
				GCC_WARN_UNUSED_VARIABLE = YES;
				IPHONEOS_DEPLOYMENT_TARGET = 17.0;
				LOCALIZATION_PREFERS_STRING_CATALOGS = YES;
				MTL_ENABLE_DEBUG_INFO = NO;
				MTL_FAST_MATH = YES;
				SDKROOT = iphoneos;
				SWIFT_COMPILATION_MODE = wholemodule;
				VALIDATE_PRODUCT = YES;
			};
			name = Release;
		};
		76FCDC242B027C2500E55B2A /* Debug */ = {
			isa = XCBuildConfiguration;
			buildSettings = {
				ASSETCATALOG_COMPILER_APPICON_NAME = AppIcon;
				ASSETCATALOG_COMPILER_GLOBAL_ACCENT_COLOR_NAME = AccentColor;
				CODE_SIGN_STYLE = Automatic;
				CURRENT_PROJECT_VERSION = 1;
				DEVELOPMENT_ASSET_PATHS = "\"TheFangScape/Preview Content\"";
				DEVELOPMENT_TEAM = BD3VK3HR67;
				ENABLE_PREVIEWS = YES;
				GENERATE_INFOPLIST_FILE = YES;
				INFOPLIST_KEY_UIApplicationSceneManifest_Generation = YES;
				INFOPLIST_KEY_UIApplicationSupportsIndirectInputEvents = YES;
				INFOPLIST_KEY_UILaunchScreen_Generation = YES;
				INFOPLIST_KEY_UISupportedInterfaceOrientations_iPad = "UIInterfaceOrientationPortrait UIInterfaceOrientationPortraitUpsideDown UIInterfaceOrientationLandscapeLeft UIInterfaceOrientationLandscapeRight";
				INFOPLIST_KEY_UISupportedInterfaceOrientations_iPhone = "UIInterfaceOrientationPortrait UIInterfaceOrientationLandscapeLeft UIInterfaceOrientationLandscapeRight";
				LD_RUNPATH_SEARCH_PATHS = (
					"$(inherited)",
					"@executable_path/Frameworks",
				);
				MARKETING_VERSION = 1.0;
				PRODUCT_BUNDLE_IDENTIFIER = br.com.ForafaStudios.TheFangScape;
				PRODUCT_NAME = "$(TARGET_NAME)";
				SWIFT_EMIT_LOC_STRINGS = YES;
				SWIFT_VERSION = 5.0;
				TARGETED_DEVICE_FAMILY = "1,2";
			};
			name = Debug;
		};
		76FCDC252B027C2500E55B2A /* Release */ = {
			isa = XCBuildConfiguration;
			buildSettings = {
				ASSETCATALOG_COMPILER_APPICON_NAME = AppIcon;
				ASSETCATALOG_COMPILER_GLOBAL_ACCENT_COLOR_NAME = AccentColor;
				CODE_SIGN_STYLE = Automatic;
				CURRENT_PROJECT_VERSION = 1;
				DEVELOPMENT_ASSET_PATHS = "\"TheFangScape/Preview Content\"";
				DEVELOPMENT_TEAM = BD3VK3HR67;
				ENABLE_PREVIEWS = YES;
				GENERATE_INFOPLIST_FILE = YES;
				INFOPLIST_KEY_UIApplicationSceneManifest_Generation = YES;
				INFOPLIST_KEY_UIApplicationSupportsIndirectInputEvents = YES;
				INFOPLIST_KEY_UILaunchScreen_Generation = YES;
				INFOPLIST_KEY_UISupportedInterfaceOrientations_iPad = "UIInterfaceOrientationPortrait UIInterfaceOrientationPortraitUpsideDown UIInterfaceOrientationLandscapeLeft UIInterfaceOrientationLandscapeRight";
				INFOPLIST_KEY_UISupportedInterfaceOrientations_iPhone = "UIInterfaceOrientationPortrait UIInterfaceOrientationLandscapeLeft UIInterfaceOrientationLandscapeRight";
				LD_RUNPATH_SEARCH_PATHS = (
					"$(inherited)",
					"@executable_path/Frameworks",
				);
				MARKETING_VERSION = 1.0;
				PRODUCT_BUNDLE_IDENTIFIER = br.com.ForafaStudios.TheFangScape;
				PRODUCT_NAME = "$(TARGET_NAME)";
				SWIFT_EMIT_LOC_STRINGS = YES;
				SWIFT_VERSION = 5.0;
				TARGETED_DEVICE_FAMILY = "1,2";
			};
			name = Release;
		};
/* End XCBuildConfiguration section */

/* Begin XCConfigurationList section */
		76FCDC102B027C2400E55B2A /* Build configuration list for PBXProject "TheFangScape" */ = {
			isa = XCConfigurationList;
			buildConfigurations = (
				76FCDC212B027C2500E55B2A /* Debug */,
				76FCDC222B027C2500E55B2A /* Release */,
			);
			defaultConfigurationIsVisible = 0;
			defaultConfigurationName = Release;
		};
		76FCDC232B027C2500E55B2A /* Build configuration list for PBXNativeTarget "TheFangScape" */ = {
			isa = XCConfigurationList;
			buildConfigurations = (
				76FCDC242B027C2500E55B2A /* Debug */,
				76FCDC252B027C2500E55B2A /* Release */,
			);
			defaultConfigurationIsVisible = 0;
			defaultConfigurationName = Release;
		};
/* End XCConfigurationList section */
	};
	rootObject = 76FCDC0D2B027C2400E55B2A /* Project object */;
}
