// !$*UTF8*$!
{
	archiveVersion = 1;
	classes = {
	};
	objectVersion = 56;
	objects = {

/* Begin PBXBuildFile section */
		06B0B3DA2B10F47100899163 /* SpikeEntity.swift in Sources */ = {isa = PBXBuildFile; fileRef = 06B0B3D92B10F47100899163 /* SpikeEntity.swift */; };
		06B0B3DC2B10F4A600899163 /* IsSpikeComponent.swift in Sources */ = {isa = PBXBuildFile; fileRef = 06B0B3DB2B10F4A600899163 /* IsSpikeComponent.swift */; };
		0CCAC7832B1612170014C8A0 /* level2.json in Resources */ = {isa = PBXBuildFile; fileRef = 0CCAC7812B1612160014C8A0 /* level2.json */; };
		0CCAC7842B1612170014C8A0 /* level3.json in Resources */ = {isa = PBXBuildFile; fileRef = 0CCAC7822B1612170014C8A0 /* level3.json */; };
		5177CFB82B0CD8F000896444 /* ItemEntity.swift in Sources */ = {isa = PBXBuildFile; fileRef = 5177CFB72B0CD8F000896444 /* ItemEntity.swift */; };
		5177CFBA2B0CF7CA00896444 /* IsItemComponent.swift in Sources */ = {isa = PBXBuildFile; fileRef = 5177CFB92B0CF7CA00896444 /* IsItemComponent.swift */; };
		660633CF2B093227005D184B /* SKTextureArray+TextureBuilder.swift in Sources */ = {isa = PBXBuildFile; fileRef = 660633CE2B093227005D184B /* SKTextureArray+TextureBuilder.swift */; };
		660633E92B0AF6A6005D184B /* EnemyEntity.swift in Sources */ = {isa = PBXBuildFile; fileRef = 660633E82B0AF6A6005D184B /* EnemyEntity.swift */; };
		660633EB2B0AFA21005D184B /* UInt32+CollisionCategories.swift in Sources */ = {isa = PBXBuildFile; fileRef = 660633EA2B0AFA21005D184B /* UInt32+CollisionCategories.swift */; };
		6653EEE22B0CD13300D841FD /* TrapEntity.swift in Sources */ = {isa = PBXBuildFile; fileRef = 6653EEE12B0CD13300D841FD /* TrapEntity.swift */; };
		6653EEE42B0CD13F00D841FD /* BulletEntity.swift in Sources */ = {isa = PBXBuildFile; fileRef = 6653EEE32B0CD13F00D841FD /* BulletEntity.swift */; };
		6653EEE62B0CD23A00D841FD /* ShootComponent.swift in Sources */ = {isa = PBXBuildFile; fileRef = 6653EEE52B0CD23A00D841FD /* ShootComponent.swift */; };
		6653EEE82B0CD34300D841FD /* SKAction+Animations.swift in Sources */ = {isa = PBXBuildFile; fileRef = 6653EEE72B0CD34300D841FD /* SKAction+Animations.swift */; };
		6653EEEA2B0D00AF00D841FD /* DeathComponent.swift in Sources */ = {isa = PBXBuildFile; fileRef = 6653EEE92B0D00AF00D841FD /* DeathComponent.swift */; };
		668B07122B0E4A3C00D4B0A5 /* IceEntity.swift in Sources */ = {isa = PBXBuildFile; fileRef = 668B07112B0E4A3C00D4B0A5 /* IceEntity.swift */; };
		668B07142B0E4A7300D4B0A5 /* IsIceComponent.swift in Sources */ = {isa = PBXBuildFile; fileRef = 668B07132B0E4A7300D4B0A5 /* IsIceComponent.swift */; };
		66B79A9B2B10CB2D00E60B11 /* IsTrapComponent.swift in Sources */ = {isa = PBXBuildFile; fileRef = 66B79A9A2B10CB2D00E60B11 /* IsTrapComponent.swift */; };
		66B79A9D2B10CB6C00E60B11 /* IsBulletComponent.swift in Sources */ = {isa = PBXBuildFile; fileRef = 66B79A9C2B10CB6C00E60B11 /* IsBulletComponent.swift */; };
		66B79A9F2B10DE7100E60B11 /* DoorEntity.swift in Sources */ = {isa = PBXBuildFile; fileRef = 66B79A9E2B10DE7100E60B11 /* DoorEntity.swift */; };
		66B79AA12B10DED600E60B11 /* IsDoorComponent.swift in Sources */ = {isa = PBXBuildFile; fileRef = 66B79AA02B10DED600E60B11 /* IsDoorComponent.swift */; };
		66B79AA32B10DF3E00E60B11 /* WinComponent.swift in Sources */ = {isa = PBXBuildFile; fileRef = 66B79AA22B10DF3E00E60B11 /* WinComponent.swift */; };
		66B79ABA2B16383E00E60B11 /* Ground.json in Resources */ = {isa = PBXBuildFile; fileRef = 66B79AB92B16383E00E60B11 /* Ground.json */; };
		66CAD67A2B04E0BB00F7940E /* MovementComponent.swift in Sources */ = {isa = PBXBuildFile; fileRef = 66CAD6792B04E0BB00F7940E /* MovementComponent.swift */; };
		66CAD6822B06635600F7940E /* WallSlideComponent.swift in Sources */ = {isa = PBXBuildFile; fileRef = 66CAD6812B06635600F7940E /* WallSlideComponent.swift */; };
		66CAD6842B06D54600F7940E /* AnimationStateComponent.swift in Sources */ = {isa = PBXBuildFile; fileRef = 66CAD6832B06D54600F7940E /* AnimationStateComponent.swift */; };
		66CAD6872B06D59E00F7940E /* Run.swift in Sources */ = {isa = PBXBuildFile; fileRef = 66CAD6862B06D59E00F7940E /* Run.swift */; };
		66CAD68C2B06D6D500F7940E /* Jump.swift in Sources */ = {isa = PBXBuildFile; fileRef = 66CAD68B2B06D6D500F7940E /* Jump.swift */; };
		66CAD68E2B06D6F800F7940E /* WallSlide.swift in Sources */ = {isa = PBXBuildFile; fileRef = 66CAD68D2B06D6F800F7940E /* WallSlide.swift */; };
		66CAD6902B06D71600F7940E /* DeathByDark.swift in Sources */ = {isa = PBXBuildFile; fileRef = 66CAD68F2B06D71600F7940E /* DeathByDark.swift */; };
		66CAD6922B06D72700F7940E /* DeathByTrap.swift in Sources */ = {isa = PBXBuildFile; fileRef = 66CAD6912B06D72700F7940E /* DeathByTrap.swift */; };
		66CAD6942B06D73D00F7940E /* Win.swift in Sources */ = {isa = PBXBuildFile; fileRef = 66CAD6932B06D73D00F7940E /* Win.swift */; };
		66CAD6962B07A4F600F7940E /* PlatformEntity.swift in Sources */ = {isa = PBXBuildFile; fileRef = 66CAD6952B07A4F600F7940E /* PlatformEntity.swift */; };
		761097062B0E5AE8003BA736 /* CGPath+Primitives.swift in Sources */ = {isa = PBXBuildFile; fileRef = 761097052B0E5AE8003BA736 /* CGPath+Primitives.swift */; };
		761097082B0F7868003BA736 /* DestructableComponent.swift in Sources */ = {isa = PBXBuildFile; fileRef = 761097072B0F7868003BA736 /* DestructableComponent.swift */; };
		7610970A2B0F7B22003BA736 /* Comparable+Clamp.swift in Sources */ = {isa = PBXBuildFile; fileRef = 761097092B0F7B22003BA736 /* Comparable+Clamp.swift */; };
		763E454A2B0D223900C4F3B0 /* RemoveWhenTouchWall.swift in Sources */ = {isa = PBXBuildFile; fileRef = 763E45492B0D223900C4F3B0 /* RemoveWhenTouchWall.swift */; };
		764BF4462B0CE7F100EDB700 /* SKTileNode+Tools.swift in Sources */ = {isa = PBXBuildFile; fileRef = 764BF4452B0CE7F100EDB700 /* SKTileNode+Tools.swift */; };
		764BF4482B0CEB1E00EDB700 /* ScenarioEntity.swift in Sources */ = {isa = PBXBuildFile; fileRef = 764BF4472B0CEB1E00EDB700 /* ScenarioEntity.swift */; };
		764BF44C2B0CF17C00EDB700 /* IsPlayerComponent.swift in Sources */ = {isa = PBXBuildFile; fileRef = 764BF44B2B0CF17C00EDB700 /* IsPlayerComponent.swift */; };
		767C75122B0CF7B000D5E61B /* level1.json in Resources */ = {isa = PBXBuildFile; fileRef = 767C75112B0CF7B000D5E61B /* level1.json */; };
		76F6963C2B0BCF7E000B4ED4 /* LevelData.swift in Sources */ = {isa = PBXBuildFile; fileRef = 76F696392B0BCF7E000B4ED4 /* LevelData.swift */; };
		76F6963D2B0BCF7E000B4ED4 /* TileSetManager.swift in Sources */ = {isa = PBXBuildFile; fileRef = 76F6963A2B0BCF7E000B4ED4 /* TileSetManager.swift */; };
		76F6963E2B0BCF7E000B4ED4 /* TileSetData.swift in Sources */ = {isa = PBXBuildFile; fileRef = 76F6963B2B0BCF7E000B4ED4 /* TileSetData.swift */; };
		76FCDC192B027C2500E55B2A /* TheFangScapeApp.swift in Sources */ = {isa = PBXBuildFile; fileRef = 76FCDC182B027C2500E55B2A /* TheFangScapeApp.swift */; };
		76FCDC1B2B027C2500E55B2A /* ContentView.swift in Sources */ = {isa = PBXBuildFile; fileRef = 76FCDC1A2B027C2500E55B2A /* ContentView.swift */; };
		76FCDC1D2B027C2500E55B2A /* Assets.xcassets in Resources */ = {isa = PBXBuildFile; fileRef = 76FCDC1C2B027C2500E55B2A /* Assets.xcassets */; };
		76FCDC202B027C2500E55B2A /* Preview Assets.xcassets in Resources */ = {isa = PBXBuildFile; fileRef = 76FCDC1F2B027C2500E55B2A /* Preview Assets.xcassets */; };
		76FCDC282B027C5E00E55B2A /* GameScene.swift in Sources */ = {isa = PBXBuildFile; fileRef = 76FCDC272B027C5E00E55B2A /* GameScene.swift */; };
		76FCDC2A2B027D7200E55B2A /* SKEntityManager.swift in Sources */ = {isa = PBXBuildFile; fileRef = 76FCDC292B027D7200E55B2A /* SKEntityManager.swift */; };
		76FCDC2D2B027F2100E55B2A /* PlayerEntity.swift in Sources */ = {isa = PBXBuildFile; fileRef = 76FCDC2C2B027F2100E55B2A /* PlayerEntity.swift */; };
		76FCDC682B03C4F800E55B2A /* PhysicsComponent.swift in Sources */ = {isa = PBXBuildFile; fileRef = 76FCDC672B03C4F800E55B2A /* PhysicsComponent.swift */; };
		76FCDC6A2B03C8A100E55B2A /* IsGroundComponent.swift in Sources */ = {isa = PBXBuildFile; fileRef = 76FCDC692B03C8A100E55B2A /* IsGroundComponent.swift */; };
		76FCDC6C2B03CB3F00E55B2A /* GroundEntity.swift in Sources */ = {isa = PBXBuildFile; fileRef = 76FCDC6B2B03CB3F00E55B2A /* GroundEntity.swift */; };
		76FCDC6E2B03CF1600E55B2A /* IsWallComponent.swift in Sources */ = {isa = PBXBuildFile; fileRef = 76FCDC6D2B03CF1600E55B2A /* IsWallComponent.swift */; };
		76FCDC762B04742E00E55B2A /* JumpComponent.swift in Sources */ = {isa = PBXBuildFile; fileRef = 76FCDC752B04742E00E55B2A /* JumpComponent.swift */; };
		76FCDC782B080C0600E55B2A /* ChangeStateBlockEntity.swift in Sources */ = {isa = PBXBuildFile; fileRef = 76FCDC772B080C0600E55B2A /* ChangeStateBlockEntity.swift */; };
		76FCDC7A2B080C2000E55B2A /* BlockEntity.swift in Sources */ = {isa = PBXBuildFile; fileRef = 76FCDC792B080C2000E55B2A /* BlockEntity.swift */; };
		76FCDC7C2B080C6D00E55B2A /* ChangeStateComponent.swift in Sources */ = {isa = PBXBuildFile; fileRef = 76FCDC7B2B080C6D00E55B2A /* ChangeStateComponent.swift */; };
		76FCDC7E2B080E5800E55B2A /* NotificationsNames.swift in Sources */ = {isa = PBXBuildFile; fileRef = 76FCDC7D2B080E5800E55B2A /* NotificationsNames.swift */; };
		76FCDC812B08ECB300E55B2A /* TorchComponent.swift in Sources */ = {isa = PBXBuildFile; fileRef = 76FCDC802B08ECB300E55B2A /* TorchComponent.swift */; };
		76FCDC832B08ED3400E55B2A /* LightMask.swift in Sources */ = {isa = PBXBuildFile; fileRef = 76FCDC822B08ED3400E55B2A /* LightMask.swift */; };
		76FCDC872B08F5DF00E55B2A /* GKSKNodeComponent+Light.swift in Sources */ = {isa = PBXBuildFile; fileRef = 76FCDC862B08F5DF00E55B2A /* GKSKNodeComponent+Light.swift */; };
		76FCDC892B08F7DD00E55B2A /* LightComponent.swift in Sources */ = {isa = PBXBuildFile; fileRef = 76FCDC882B08F7DD00E55B2A /* LightComponent.swift */; };
/* End PBXBuildFile section */

/* Begin PBXFileReference section */
		06B0B3D92B10F47100899163 /* SpikeEntity.swift */ = {isa = PBXFileReference; lastKnownFileType = sourcecode.swift; path = SpikeEntity.swift; sourceTree = "<group>"; };
		06B0B3DB2B10F4A600899163 /* IsSpikeComponent.swift */ = {isa = PBXFileReference; lastKnownFileType = sourcecode.swift; path = IsSpikeComponent.swift; sourceTree = "<group>"; };
		0CCAC7812B1612160014C8A0 /* level2.json */ = {isa = PBXFileReference; fileEncoding = 4; lastKnownFileType = text.json; path = level2.json; sourceTree = "<group>"; };
		0CCAC7822B1612170014C8A0 /* level3.json */ = {isa = PBXFileReference; fileEncoding = 4; lastKnownFileType = text.json; path = level3.json; sourceTree = "<group>"; };
		5177CFB72B0CD8F000896444 /* ItemEntity.swift */ = {isa = PBXFileReference; lastKnownFileType = sourcecode.swift; path = ItemEntity.swift; sourceTree = "<group>"; };
		5177CFB92B0CF7CA00896444 /* IsItemComponent.swift */ = {isa = PBXFileReference; lastKnownFileType = sourcecode.swift; path = IsItemComponent.swift; sourceTree = "<group>"; };
		660633CE2B093227005D184B /* SKTextureArray+TextureBuilder.swift */ = {isa = PBXFileReference; lastKnownFileType = sourcecode.swift; path = "SKTextureArray+TextureBuilder.swift"; sourceTree = "<group>"; };
		660633E82B0AF6A6005D184B /* EnemyEntity.swift */ = {isa = PBXFileReference; lastKnownFileType = sourcecode.swift; path = EnemyEntity.swift; sourceTree = "<group>"; };
		660633EA2B0AFA21005D184B /* UInt32+CollisionCategories.swift */ = {isa = PBXFileReference; lastKnownFileType = sourcecode.swift; path = "UInt32+CollisionCategories.swift"; sourceTree = "<group>"; };
		6653EEE12B0CD13300D841FD /* TrapEntity.swift */ = {isa = PBXFileReference; lastKnownFileType = sourcecode.swift; path = TrapEntity.swift; sourceTree = "<group>"; };
		6653EEE32B0CD13F00D841FD /* BulletEntity.swift */ = {isa = PBXFileReference; lastKnownFileType = sourcecode.swift; path = BulletEntity.swift; sourceTree = "<group>"; };
		6653EEE52B0CD23A00D841FD /* ShootComponent.swift */ = {isa = PBXFileReference; lastKnownFileType = sourcecode.swift; path = ShootComponent.swift; sourceTree = "<group>"; };
		6653EEE72B0CD34300D841FD /* SKAction+Animations.swift */ = {isa = PBXFileReference; lastKnownFileType = sourcecode.swift; path = "SKAction+Animations.swift"; sourceTree = "<group>"; };
		6653EEE92B0D00AF00D841FD /* DeathComponent.swift */ = {isa = PBXFileReference; lastKnownFileType = sourcecode.swift; path = DeathComponent.swift; sourceTree = "<group>"; };
		668B07112B0E4A3C00D4B0A5 /* IceEntity.swift */ = {isa = PBXFileReference; lastKnownFileType = sourcecode.swift; path = IceEntity.swift; sourceTree = "<group>"; };
		668B07132B0E4A7300D4B0A5 /* IsIceComponent.swift */ = {isa = PBXFileReference; lastKnownFileType = sourcecode.swift; path = IsIceComponent.swift; sourceTree = "<group>"; };
		66B79A9A2B10CB2D00E60B11 /* IsTrapComponent.swift */ = {isa = PBXFileReference; lastKnownFileType = sourcecode.swift; path = IsTrapComponent.swift; sourceTree = "<group>"; };
		66B79A9C2B10CB6C00E60B11 /* IsBulletComponent.swift */ = {isa = PBXFileReference; lastKnownFileType = sourcecode.swift; path = IsBulletComponent.swift; sourceTree = "<group>"; };
		66B79A9E2B10DE7100E60B11 /* DoorEntity.swift */ = {isa = PBXFileReference; lastKnownFileType = sourcecode.swift; path = DoorEntity.swift; sourceTree = "<group>"; };
		66B79AA02B10DED600E60B11 /* IsDoorComponent.swift */ = {isa = PBXFileReference; lastKnownFileType = sourcecode.swift; path = IsDoorComponent.swift; sourceTree = "<group>"; };
		66B79AA22B10DF3E00E60B11 /* WinComponent.swift */ = {isa = PBXFileReference; lastKnownFileType = sourcecode.swift; path = WinComponent.swift; sourceTree = "<group>"; };
		66B79AB92B16383E00E60B11 /* Ground.json */ = {isa = PBXFileReference; fileEncoding = 4; lastKnownFileType = text.json; name = Ground.json; path = "../../../../../Dropbox (Developer Academy)/DOCS Games/Tileset/Ground.json"; sourceTree = "<group>"; };
		66CAD6792B04E0BB00F7940E /* MovementComponent.swift */ = {isa = PBXFileReference; lastKnownFileType = sourcecode.swift; path = MovementComponent.swift; sourceTree = "<group>"; };
		66CAD6812B06635600F7940E /* WallSlideComponent.swift */ = {isa = PBXFileReference; lastKnownFileType = sourcecode.swift; path = WallSlideComponent.swift; sourceTree = "<group>"; };
		66CAD6832B06D54600F7940E /* AnimationStateComponent.swift */ = {isa = PBXFileReference; lastKnownFileType = sourcecode.swift; path = AnimationStateComponent.swift; sourceTree = "<group>"; };
		66CAD6862B06D59E00F7940E /* Run.swift */ = {isa = PBXFileReference; lastKnownFileType = sourcecode.swift; path = Run.swift; sourceTree = "<group>"; };
		66CAD68B2B06D6D500F7940E /* Jump.swift */ = {isa = PBXFileReference; lastKnownFileType = sourcecode.swift; path = Jump.swift; sourceTree = "<group>"; };
		66CAD68D2B06D6F800F7940E /* WallSlide.swift */ = {isa = PBXFileReference; lastKnownFileType = sourcecode.swift; path = WallSlide.swift; sourceTree = "<group>"; };
		66CAD68F2B06D71600F7940E /* DeathByDark.swift */ = {isa = PBXFileReference; lastKnownFileType = sourcecode.swift; path = DeathByDark.swift; sourceTree = "<group>"; };
		66CAD6912B06D72700F7940E /* DeathByTrap.swift */ = {isa = PBXFileReference; lastKnownFileType = sourcecode.swift; path = DeathByTrap.swift; sourceTree = "<group>"; };
		66CAD6932B06D73D00F7940E /* Win.swift */ = {isa = PBXFileReference; lastKnownFileType = sourcecode.swift; path = Win.swift; sourceTree = "<group>"; };
		66CAD6952B07A4F600F7940E /* PlatformEntity.swift */ = {isa = PBXFileReference; lastKnownFileType = sourcecode.swift; path = PlatformEntity.swift; sourceTree = "<group>"; };
		761097052B0E5AE8003BA736 /* CGPath+Primitives.swift */ = {isa = PBXFileReference; fileEncoding = 4; lastKnownFileType = sourcecode.swift; path = "CGPath+Primitives.swift"; sourceTree = "<group>"; };
		761097072B0F7868003BA736 /* DestructableComponent.swift */ = {isa = PBXFileReference; lastKnownFileType = sourcecode.swift; path = DestructableComponent.swift; sourceTree = "<group>"; };
		761097092B0F7B22003BA736 /* Comparable+Clamp.swift */ = {isa = PBXFileReference; lastKnownFileType = sourcecode.swift; path = "Comparable+Clamp.swift"; sourceTree = "<group>"; };
		763E45492B0D223900C4F3B0 /* RemoveWhenTouchWall.swift */ = {isa = PBXFileReference; lastKnownFileType = sourcecode.swift; path = RemoveWhenTouchWall.swift; sourceTree = "<group>"; };
		764BF4452B0CE7F100EDB700 /* SKTileNode+Tools.swift */ = {isa = PBXFileReference; fileEncoding = 4; lastKnownFileType = sourcecode.swift; path = "SKTileNode+Tools.swift"; sourceTree = "<group>"; };
		764BF4472B0CEB1E00EDB700 /* ScenarioEntity.swift */ = {isa = PBXFileReference; fileEncoding = 4; lastKnownFileType = sourcecode.swift; path = ScenarioEntity.swift; sourceTree = "<group>"; };
		764BF44B2B0CF17C00EDB700 /* IsPlayerComponent.swift */ = {isa = PBXFileReference; lastKnownFileType = sourcecode.swift; path = IsPlayerComponent.swift; sourceTree = "<group>"; };
		767C75112B0CF7B000D5E61B /* level1.json */ = {isa = PBXFileReference; fileEncoding = 4; lastKnownFileType = text.json; path = level1.json; sourceTree = "<group>"; };
		76F696392B0BCF7E000B4ED4 /* LevelData.swift */ = {isa = PBXFileReference; fileEncoding = 4; lastKnownFileType = sourcecode.swift; path = LevelData.swift; sourceTree = "<group>"; };
		76F6963A2B0BCF7E000B4ED4 /* TileSetManager.swift */ = {isa = PBXFileReference; fileEncoding = 4; lastKnownFileType = sourcecode.swift; path = TileSetManager.swift; sourceTree = "<group>"; };
		76F6963B2B0BCF7E000B4ED4 /* TileSetData.swift */ = {isa = PBXFileReference; fileEncoding = 4; lastKnownFileType = sourcecode.swift; path = TileSetData.swift; sourceTree = "<group>"; };
		76FCDC152B027C2500E55B2A /* TheFangScape.app */ = {isa = PBXFileReference; explicitFileType = wrapper.application; includeInIndex = 0; path = TheFangScape.app; sourceTree = BUILT_PRODUCTS_DIR; };
		76FCDC182B027C2500E55B2A /* TheFangScapeApp.swift */ = {isa = PBXFileReference; lastKnownFileType = sourcecode.swift; path = TheFangScapeApp.swift; sourceTree = "<group>"; };
		76FCDC1A2B027C2500E55B2A /* ContentView.swift */ = {isa = PBXFileReference; lastKnownFileType = sourcecode.swift; path = ContentView.swift; sourceTree = "<group>"; };
		76FCDC1C2B027C2500E55B2A /* Assets.xcassets */ = {isa = PBXFileReference; lastKnownFileType = folder.assetcatalog; path = Assets.xcassets; sourceTree = "<group>"; };
		76FCDC1F2B027C2500E55B2A /* Preview Assets.xcassets */ = {isa = PBXFileReference; lastKnownFileType = folder.assetcatalog; path = "Preview Assets.xcassets"; sourceTree = "<group>"; };
		76FCDC272B027C5E00E55B2A /* GameScene.swift */ = {isa = PBXFileReference; lastKnownFileType = sourcecode.swift; path = GameScene.swift; sourceTree = "<group>"; };
		76FCDC292B027D7200E55B2A /* SKEntityManager.swift */ = {isa = PBXFileReference; lastKnownFileType = sourcecode.swift; path = SKEntityManager.swift; sourceTree = "<group>"; };
		76FCDC2C2B027F2100E55B2A /* PlayerEntity.swift */ = {isa = PBXFileReference; lastKnownFileType = sourcecode.swift; path = PlayerEntity.swift; sourceTree = "<group>"; };
		76FCDC672B03C4F800E55B2A /* PhysicsComponent.swift */ = {isa = PBXFileReference; lastKnownFileType = sourcecode.swift; path = PhysicsComponent.swift; sourceTree = "<group>"; };
		76FCDC692B03C8A100E55B2A /* IsGroundComponent.swift */ = {isa = PBXFileReference; lastKnownFileType = sourcecode.swift; path = IsGroundComponent.swift; sourceTree = "<group>"; };
		76FCDC6B2B03CB3F00E55B2A /* GroundEntity.swift */ = {isa = PBXFileReference; lastKnownFileType = sourcecode.swift; path = GroundEntity.swift; sourceTree = "<group>"; };
		76FCDC6D2B03CF1600E55B2A /* IsWallComponent.swift */ = {isa = PBXFileReference; lastKnownFileType = sourcecode.swift; path = IsWallComponent.swift; sourceTree = "<group>"; };
		76FCDC752B04742E00E55B2A /* JumpComponent.swift */ = {isa = PBXFileReference; lastKnownFileType = sourcecode.swift; path = JumpComponent.swift; sourceTree = "<group>"; };
		76FCDC772B080C0600E55B2A /* ChangeStateBlockEntity.swift */ = {isa = PBXFileReference; lastKnownFileType = sourcecode.swift; path = ChangeStateBlockEntity.swift; sourceTree = "<group>"; };
		76FCDC792B080C2000E55B2A /* BlockEntity.swift */ = {isa = PBXFileReference; lastKnownFileType = sourcecode.swift; path = BlockEntity.swift; sourceTree = "<group>"; };
		76FCDC7B2B080C6D00E55B2A /* ChangeStateComponent.swift */ = {isa = PBXFileReference; lastKnownFileType = sourcecode.swift; path = ChangeStateComponent.swift; sourceTree = "<group>"; };
		76FCDC7D2B080E5800E55B2A /* NotificationsNames.swift */ = {isa = PBXFileReference; lastKnownFileType = sourcecode.swift; path = NotificationsNames.swift; sourceTree = "<group>"; };
		76FCDC802B08ECB300E55B2A /* TorchComponent.swift */ = {isa = PBXFileReference; lastKnownFileType = sourcecode.swift; path = TorchComponent.swift; sourceTree = "<group>"; };
		76FCDC822B08ED3400E55B2A /* LightMask.swift */ = {isa = PBXFileReference; lastKnownFileType = sourcecode.swift; path = LightMask.swift; sourceTree = "<group>"; };
		76FCDC862B08F5DF00E55B2A /* GKSKNodeComponent+Light.swift */ = {isa = PBXFileReference; lastKnownFileType = sourcecode.swift; path = "GKSKNodeComponent+Light.swift"; sourceTree = "<group>"; };
		76FCDC882B08F7DD00E55B2A /* LightComponent.swift */ = {isa = PBXFileReference; lastKnownFileType = sourcecode.swift; path = LightComponent.swift; sourceTree = "<group>"; };
/* End PBXFileReference section */

/* Begin PBXFrameworksBuildPhase section */
		76FCDC122B027C2500E55B2A /* Frameworks */ = {
			isa = PBXFrameworksBuildPhase;
			buildActionMask = 2147483647;
			files = (
			);
			runOnlyForDeploymentPostprocessing = 0;
		};
/* End PBXFrameworksBuildPhase section */

/* Begin PBXGroup section */
		66B79AA52B160C6100E60B11 /* IsEntityComponent */ = {
			isa = PBXGroup;
			children = (
				76FCDC692B03C8A100E55B2A /* IsGroundComponent.swift */,
				76FCDC6D2B03CF1600E55B2A /* IsWallComponent.swift */,
				5177CFB92B0CF7CA00896444 /* IsItemComponent.swift */,
				764BF44B2B0CF17C00EDB700 /* IsPlayerComponent.swift */,
				668B07132B0E4A7300D4B0A5 /* IsIceComponent.swift */,
				66B79A9A2B10CB2D00E60B11 /* IsTrapComponent.swift */,
				66B79A9C2B10CB6C00E60B11 /* IsBulletComponent.swift */,
				66B79AA02B10DED600E60B11 /* IsDoorComponent.swift */,
				06B0B3DB2B10F4A600899163 /* IsSpikeComponent.swift */,
			);
			path = IsEntityComponent;
			sourceTree = "<group>";
		};
		66CAD6852B06D57C00F7940E /* AnimationStates */ = {
			isa = PBXGroup;
			children = (
				66CAD6862B06D59E00F7940E /* Run.swift */,
				66CAD68B2B06D6D500F7940E /* Jump.swift */,
				66CAD68D2B06D6F800F7940E /* WallSlide.swift */,
				66CAD68F2B06D71600F7940E /* DeathByDark.swift */,
				66CAD6912B06D72700F7940E /* DeathByTrap.swift */,
				66CAD6932B06D73D00F7940E /* Win.swift */,
			);
			path = AnimationStates;
			sourceTree = "<group>";
		};
		76F696372B0BCF51000B4ED4 /* TileMap Tools */ = {
			isa = PBXGroup;
			children = (
				764BF4452B0CE7F100EDB700 /* SKTileNode+Tools.swift */,
				767C75112B0CF7B000D5E61B /* level1.json */,
				0CCAC7812B1612160014C8A0 /* level2.json */,
				0CCAC7822B1612170014C8A0 /* level3.json */,
				66B79AB92B16383E00E60B11 /* Ground.json */,
				76F696392B0BCF7E000B4ED4 /* LevelData.swift */,
				76F6963B2B0BCF7E000B4ED4 /* TileSetData.swift */,
				76F6963A2B0BCF7E000B4ED4 /* TileSetManager.swift */,
			);
			path = "TileMap Tools";
			sourceTree = "<group>";
		};
		76FCDC0C2B027C2400E55B2A = {
			isa = PBXGroup;
			children = (
				76FCDC172B027C2500E55B2A /* TheFangScape */,
				76FCDC162B027C2500E55B2A /* Products */,
			);
			sourceTree = "<group>";
		};
		76FCDC162B027C2500E55B2A /* Products */ = {
			isa = PBXGroup;
			children = (
				76FCDC152B027C2500E55B2A /* TheFangScape.app */,
			);
			name = Products;
			sourceTree = "<group>";
		};
		76FCDC172B027C2500E55B2A /* TheFangScape */ = {
			isa = PBXGroup;
			children = (
				76F696372B0BCF51000B4ED4 /* TileMap Tools */,
				76FCDC7F2B080E6000E55B2A /* Extensions */,
				66CAD6852B06D57C00F7940E /* AnimationStates */,
				76FCDC2F2B0280B700E55B2A /* Managers */,
				76FCDC2E2B02809F00E55B2A /* Components */,
				76FCDC2B2B027F1400E55B2A /* Entities */,
				76FCDC262B027C4F00E55B2A /* Controllers */,
				76FCDC182B027C2500E55B2A /* TheFangScapeApp.swift */,
				76FCDC1A2B027C2500E55B2A /* ContentView.swift */,
				76FCDC1C2B027C2500E55B2A /* Assets.xcassets */,
				76FCDC1E2B027C2500E55B2A /* Preview Content */,
			);
			path = TheFangScape;
			sourceTree = "<group>";
		};
		76FCDC1E2B027C2500E55B2A /* Preview Content */ = {
			isa = PBXGroup;
			children = (
				76FCDC1F2B027C2500E55B2A /* Preview Assets.xcassets */,
			);
			path = "Preview Content";
			sourceTree = "<group>";
		};
		76FCDC262B027C4F00E55B2A /* Controllers */ = {
			isa = PBXGroup;
			children = (
				76FCDC272B027C5E00E55B2A /* GameScene.swift */,
			);
			path = Controllers;
			sourceTree = "<group>";
		};
		76FCDC2B2B027F1400E55B2A /* Entities */ = {
			isa = PBXGroup;
			children = (
				76FCDC2C2B027F2100E55B2A /* PlayerEntity.swift */,
				764BF4472B0CEB1E00EDB700 /* ScenarioEntity.swift */,
				76FCDC6B2B03CB3F00E55B2A /* GroundEntity.swift */,
				66CAD6952B07A4F600F7940E /* PlatformEntity.swift */,
				76FCDC772B080C0600E55B2A /* ChangeStateBlockEntity.swift */,
				76FCDC792B080C2000E55B2A /* BlockEntity.swift */,
				660633E82B0AF6A6005D184B /* EnemyEntity.swift */,
				6653EEE12B0CD13300D841FD /* TrapEntity.swift */,
				6653EEE32B0CD13F00D841FD /* BulletEntity.swift */,
				5177CFB72B0CD8F000896444 /* ItemEntity.swift */,
				668B07112B0E4A3C00D4B0A5 /* IceEntity.swift */,
				66B79A9E2B10DE7100E60B11 /* DoorEntity.swift */,
				06B0B3D92B10F47100899163 /* SpikeEntity.swift */,
			);
			path = Entities;
			sourceTree = "<group>";
		};
		76FCDC2E2B02809F00E55B2A /* Components */ = {
			isa = PBXGroup;
			children = (
				66B79AA52B160C6100E60B11 /* IsEntityComponent */,
				76FCDC672B03C4F800E55B2A /* PhysicsComponent.swift */,
				76FCDC752B04742E00E55B2A /* JumpComponent.swift */,
				66CAD6792B04E0BB00F7940E /* MovementComponent.swift */,
				66CAD6812B06635600F7940E /* WallSlideComponent.swift */,
				76FCDC7B2B080C6D00E55B2A /* ChangeStateComponent.swift */,
				66CAD6832B06D54600F7940E /* AnimationStateComponent.swift */,
				76FCDC802B08ECB300E55B2A /* TorchComponent.swift */,
				76FCDC882B08F7DD00E55B2A /* LightComponent.swift */,
				6653EEE52B0CD23A00D841FD /* ShootComponent.swift */,
				6653EEE92B0D00AF00D841FD /* DeathComponent.swift */,
				763E45492B0D223900C4F3B0 /* RemoveWhenTouchWall.swift */,
				761097072B0F7868003BA736 /* DestructableComponent.swift */,
				66B79AA22B10DF3E00E60B11 /* WinComponent.swift */,
			);
			path = Components;
			sourceTree = "<group>";
		};
		76FCDC2F2B0280B700E55B2A /* Managers */ = {
			isa = PBXGroup;
			children = (
				76FCDC292B027D7200E55B2A /* SKEntityManager.swift */,
			);
			path = Managers;
			sourceTree = "<group>";
		};
		76FCDC7F2B080E6000E55B2A /* Extensions */ = {
			isa = PBXGroup;
			children = (
				76FCDC7D2B080E5800E55B2A /* NotificationsNames.swift */,
				761097052B0E5AE8003BA736 /* CGPath+Primitives.swift */,
				660633CE2B093227005D184B /* SKTextureArray+TextureBuilder.swift */,
				76FCDC822B08ED3400E55B2A /* LightMask.swift */,
				76FCDC862B08F5DF00E55B2A /* GKSKNodeComponent+Light.swift */,
				660633EA2B0AFA21005D184B /* UInt32+CollisionCategories.swift */,
				6653EEE72B0CD34300D841FD /* SKAction+Animations.swift */,
				761097092B0F7B22003BA736 /* Comparable+Clamp.swift */,
			);
			path = Extensions;
			sourceTree = "<group>";
		};
/* End PBXGroup section */

/* Begin PBXNativeTarget section */
		76FCDC142B027C2500E55B2A /* TheFangScape */ = {
			isa = PBXNativeTarget;
			buildConfigurationList = 76FCDC232B027C2500E55B2A /* Build configuration list for PBXNativeTarget "TheFangScape" */;
			buildPhases = (
				76FCDC112B027C2500E55B2A /* Sources */,
				76FCDC122B027C2500E55B2A /* Frameworks */,
				76FCDC132B027C2500E55B2A /* Resources */,
			);
			buildRules = (
			);
			dependencies = (
			);
			name = TheFangScape;
			productName = TheFangScape;
			productReference = 76FCDC152B027C2500E55B2A /* TheFangScape.app */;
			productType = "com.apple.product-type.application";
		};
/* End PBXNativeTarget section */

/* Begin PBXProject section */
		76FCDC0D2B027C2400E55B2A /* Project object */ = {
			isa = PBXProject;
			attributes = {
				BuildIndependentTargetsInParallel = 1;
				LastSwiftUpdateCheck = 1500;
				LastUpgradeCheck = 1500;
				TargetAttributes = {
					76FCDC142B027C2500E55B2A = {
						CreatedOnToolsVersion = 15.0.1;
					};
				};
			};
			buildConfigurationList = 76FCDC102B027C2400E55B2A /* Build configuration list for PBXProject "TheFangScape" */;
			compatibilityVersion = "Xcode 14.0";
			developmentRegion = en;
			hasScannedForEncodings = 0;
			knownRegions = (
				en,
				Base,
			);
			mainGroup = 76FCDC0C2B027C2400E55B2A;
			productRefGroup = 76FCDC162B027C2500E55B2A /* Products */;
			projectDirPath = "";
			projectRoot = "";
			targets = (
				76FCDC142B027C2500E55B2A /* TheFangScape */,
			);
		};
/* End PBXProject section */

/* Begin PBXResourcesBuildPhase section */
		76FCDC132B027C2500E55B2A /* Resources */ = {
			isa = PBXResourcesBuildPhase;
			buildActionMask = 2147483647;
			files = (
				767C75122B0CF7B000D5E61B /* level1.json in Resources */,
				0CCAC7832B1612170014C8A0 /* level2.json in Resources */,
				76FCDC202B027C2500E55B2A /* Preview Assets.xcassets in Resources */,
				66B79ABA2B16383E00E60B11 /* Ground.json in Resources */,
				0CCAC7842B1612170014C8A0 /* level3.json in Resources */,
				76FCDC1D2B027C2500E55B2A /* Assets.xcassets in Resources */,
			);
			runOnlyForDeploymentPostprocessing = 0;
		};
/* End PBXResourcesBuildPhase section */

/* Begin PBXSourcesBuildPhase section */
		76FCDC112B027C2500E55B2A /* Sources */ = {
			isa = PBXSourcesBuildPhase;
			buildActionMask = 2147483647;
			files = (
				763E454A2B0D223900C4F3B0 /* RemoveWhenTouchWall.swift in Sources */,
				6653EEE42B0CD13F00D841FD /* BulletEntity.swift in Sources */,
				76FCDC7E2B080E5800E55B2A /* NotificationsNames.swift in Sources */,
				66B79A9B2B10CB2D00E60B11 /* IsTrapComponent.swift in Sources */,
				76FCDC782B080C0600E55B2A /* ChangeStateBlockEntity.swift in Sources */,
				76FCDC762B04742E00E55B2A /* JumpComponent.swift in Sources */,
				5177CFBA2B0CF7CA00896444 /* IsItemComponent.swift in Sources */,
				764BF4482B0CEB1E00EDB700 /* ScenarioEntity.swift in Sources */,
				660633E92B0AF6A6005D184B /* EnemyEntity.swift in Sources */,
				66CAD68E2B06D6F800F7940E /* WallSlide.swift in Sources */,
				761097062B0E5AE8003BA736 /* CGPath+Primitives.swift in Sources */,
				76F6963D2B0BCF7E000B4ED4 /* TileSetManager.swift in Sources */,
				76FCDC6E2B03CF1600E55B2A /* IsWallComponent.swift in Sources */,
				66CAD6822B06635600F7940E /* WallSlideComponent.swift in Sources */,
				76FCDC2D2B027F2100E55B2A /* PlayerEntity.swift in Sources */,
				76FCDC6C2B03CB3F00E55B2A /* GroundEntity.swift in Sources */,
				76FCDC7A2B080C2000E55B2A /* BlockEntity.swift in Sources */,
				66CAD67A2B04E0BB00F7940E /* MovementComponent.swift in Sources */,
				66CAD6842B06D54600F7940E /* AnimationStateComponent.swift in Sources */,
				76FCDC682B03C4F800E55B2A /* PhysicsComponent.swift in Sources */,
				76FCDC282B027C5E00E55B2A /* GameScene.swift in Sources */,
				76FCDC1B2B027C2500E55B2A /* ContentView.swift in Sources */,
				660633CF2B093227005D184B /* SKTextureArray+TextureBuilder.swift in Sources */,
				5177CFB82B0CD8F000896444 /* ItemEntity.swift in Sources */,
				66CAD6942B06D73D00F7940E /* Win.swift in Sources */,
				76FCDC872B08F5DF00E55B2A /* GKSKNodeComponent+Light.swift in Sources */,
				66B79A9F2B10DE7100E60B11 /* DoorEntity.swift in Sources */,
				76F6963E2B0BCF7E000B4ED4 /* TileSetData.swift in Sources */,
				668B07142B0E4A7300D4B0A5 /* IsIceComponent.swift in Sources */,
				6653EEEA2B0D00AF00D841FD /* DeathComponent.swift in Sources */,
				7610970A2B0F7B22003BA736 /* Comparable+Clamp.swift in Sources */,
				6653EEE22B0CD13300D841FD /* TrapEntity.swift in Sources */,
				76FCDC892B08F7DD00E55B2A /* LightComponent.swift in Sources */,
				6653EEE62B0CD23A00D841FD /* ShootComponent.swift in Sources */,
				76FCDC6A2B03C8A100E55B2A /* IsGroundComponent.swift in Sources */,
				66B79AA32B10DF3E00E60B11 /* WinComponent.swift in Sources */,
				76FCDC812B08ECB300E55B2A /* TorchComponent.swift in Sources */,
				76FCDC2A2B027D7200E55B2A /* SKEntityManager.swift in Sources */,
				6653EEE82B0CD34300D841FD /* SKAction+Animations.swift in Sources */,
				06B0B3DC2B10F4A600899163 /* IsSpikeComponent.swift in Sources */,
				66CAD6922B06D72700F7940E /* DeathByTrap.swift in Sources */,
				668B07122B0E4A3C00D4B0A5 /* IceEntity.swift in Sources */,
				66CAD68C2B06D6D500F7940E /* Jump.swift in Sources */,
				66CAD6872B06D59E00F7940E /* Run.swift in Sources */,
				660633EB2B0AFA21005D184B /* UInt32+CollisionCategories.swift in Sources */,
				66CAD6962B07A4F600F7940E /* PlatformEntity.swift in Sources */,
				06B0B3DA2B10F47100899163 /* SpikeEntity.swift in Sources */,
				66CAD6902B06D71600F7940E /* DeathByDark.swift in Sources */,
				764BF4462B0CE7F100EDB700 /* SKTileNode+Tools.swift in Sources */,
				66B79A9D2B10CB6C00E60B11 /* IsBulletComponent.swift in Sources */,
				761097082B0F7868003BA736 /* DestructableComponent.swift in Sources */,
				76F6963C2B0BCF7E000B4ED4 /* LevelData.swift in Sources */,
				76FCDC192B027C2500E55B2A /* TheFangScapeApp.swift in Sources */,
				76FCDC832B08ED3400E55B2A /* LightMask.swift in Sources */,
				764BF44C2B0CF17C00EDB700 /* IsPlayerComponent.swift in Sources */,
				76FCDC7C2B080C6D00E55B2A /* ChangeStateComponent.swift in Sources */,
				66B79AA12B10DED600E60B11 /* IsDoorComponent.swift in Sources */,
			);
			runOnlyForDeploymentPostprocessing = 0;
		};
/* End PBXSourcesBuildPhase section */

/* Begin XCBuildConfiguration section */
		76FCDC212B027C2500E55B2A /* Debug */ = {
			isa = XCBuildConfiguration;
			buildSettings = {
				ALWAYS_SEARCH_USER_PATHS = NO;
				ASSETCATALOG_COMPILER_GENERATE_SWIFT_ASSET_SYMBOL_EXTENSIONS = YES;
				CLANG_ANALYZER_NONNULL = YES;
				CLANG_ANALYZER_NUMBER_OBJECT_CONVERSION = YES_AGGRESSIVE;
				CLANG_CXX_LANGUAGE_STANDARD = "gnu++20";
				CLANG_ENABLE_MODULES = YES;
				CLANG_ENABLE_OBJC_ARC = YES;
				CLANG_ENABLE_OBJC_WEAK = YES;
				CLANG_WARN_BLOCK_CAPTURE_AUTORELEASING = YES;
				CLANG_WARN_BOOL_CONVERSION = YES;
				CLANG_WARN_COMMA = YES;
				CLANG_WARN_CONSTANT_CONVERSION = YES;
				CLANG_WARN_DEPRECATED_OBJC_IMPLEMENTATIONS = YES;
				CLANG_WARN_DIRECT_OBJC_ISA_USAGE = YES_ERROR;
				CLANG_WARN_DOCUMENTATION_COMMENTS = YES;
				CLANG_WARN_EMPTY_BODY = YES;
				CLANG_WARN_ENUM_CONVERSION = YES;
				CLANG_WARN_INFINITE_RECURSION = YES;
				CLANG_WARN_INT_CONVERSION = YES;
				CLANG_WARN_NON_LITERAL_NULL_CONVERSION = YES;
				CLANG_WARN_OBJC_IMPLICIT_RETAIN_SELF = YES;
				CLANG_WARN_OBJC_LITERAL_CONVERSION = YES;
				CLANG_WARN_OBJC_ROOT_CLASS = YES_ERROR;
				CLANG_WARN_QUOTED_INCLUDE_IN_FRAMEWORK_HEADER = YES;
				CLANG_WARN_RANGE_LOOP_ANALYSIS = YES;
				CLANG_WARN_STRICT_PROTOTYPES = YES;
				CLANG_WARN_SUSPICIOUS_MOVE = YES;
				CLANG_WARN_UNGUARDED_AVAILABILITY = YES_AGGRESSIVE;
				CLANG_WARN_UNREACHABLE_CODE = YES;
				CLANG_WARN__DUPLICATE_METHOD_MATCH = YES;
				COPY_PHASE_STRIP = NO;
				DEBUG_INFORMATION_FORMAT = dwarf;
				ENABLE_STRICT_OBJC_MSGSEND = YES;
				ENABLE_TESTABILITY = YES;
				ENABLE_USER_SCRIPT_SANDBOXING = YES;
				GCC_C_LANGUAGE_STANDARD = gnu17;
				GCC_DYNAMIC_NO_PIC = NO;
				GCC_NO_COMMON_BLOCKS = YES;
				GCC_OPTIMIZATION_LEVEL = 0;
				GCC_PREPROCESSOR_DEFINITIONS = (
					"DEBUG=1",
					"$(inherited)",
				);
				GCC_WARN_64_TO_32_BIT_CONVERSION = YES;
				GCC_WARN_ABOUT_RETURN_TYPE = YES_ERROR;
				GCC_WARN_UNDECLARED_SELECTOR = YES;
				GCC_WARN_UNINITIALIZED_AUTOS = YES_AGGRESSIVE;
				GCC_WARN_UNUSED_FUNCTION = YES;
				GCC_WARN_UNUSED_VARIABLE = YES;
				IPHONEOS_DEPLOYMENT_TARGET = 17.0;
				LOCALIZATION_PREFERS_STRING_CATALOGS = YES;
				MTL_ENABLE_DEBUG_INFO = INCLUDE_SOURCE;
				MTL_FAST_MATH = YES;
				ONLY_ACTIVE_ARCH = YES;
				SDKROOT = iphoneos;
				SWIFT_ACTIVE_COMPILATION_CONDITIONS = "DEBUG $(inherited)";
				SWIFT_OPTIMIZATION_LEVEL = "-Onone";
			};
			name = Debug;
		};
		76FCDC222B027C2500E55B2A /* Release */ = {
			isa = XCBuildConfiguration;
			buildSettings = {
				ALWAYS_SEARCH_USER_PATHS = NO;
				ASSETCATALOG_COMPILER_GENERATE_SWIFT_ASSET_SYMBOL_EXTENSIONS = YES;
				CLANG_ANALYZER_NONNULL = YES;
				CLANG_ANALYZER_NUMBER_OBJECT_CONVERSION = YES_AGGRESSIVE;
				CLANG_CXX_LANGUAGE_STANDARD = "gnu++20";
				CLANG_ENABLE_MODULES = YES;
				CLANG_ENABLE_OBJC_ARC = YES;
				CLANG_ENABLE_OBJC_WEAK = YES;
				CLANG_WARN_BLOCK_CAPTURE_AUTORELEASING = YES;
				CLANG_WARN_BOOL_CONVERSION = YES;
				CLANG_WARN_COMMA = YES;
				CLANG_WARN_CONSTANT_CONVERSION = YES;
				CLANG_WARN_DEPRECATED_OBJC_IMPLEMENTATIONS = YES;
				CLANG_WARN_DIRECT_OBJC_ISA_USAGE = YES_ERROR;
				CLANG_WARN_DOCUMENTATION_COMMENTS = YES;
				CLANG_WARN_EMPTY_BODY = YES;
				CLANG_WARN_ENUM_CONVERSION = YES;
				CLANG_WARN_INFINITE_RECURSION = YES;
				CLANG_WARN_INT_CONVERSION = YES;
				CLANG_WARN_NON_LITERAL_NULL_CONVERSION = YES;
				CLANG_WARN_OBJC_IMPLICIT_RETAIN_SELF = YES;
				CLANG_WARN_OBJC_LITERAL_CONVERSION = YES;
				CLANG_WARN_OBJC_ROOT_CLASS = YES_ERROR;
				CLANG_WARN_QUOTED_INCLUDE_IN_FRAMEWORK_HEADER = YES;
				CLANG_WARN_RANGE_LOOP_ANALYSIS = YES;
				CLANG_WARN_STRICT_PROTOTYPES = YES;
				CLANG_WARN_SUSPICIOUS_MOVE = YES;
				CLANG_WARN_UNGUARDED_AVAILABILITY = YES_AGGRESSIVE;
				CLANG_WARN_UNREACHABLE_CODE = YES;
				CLANG_WARN__DUPLICATE_METHOD_MATCH = YES;
				COPY_PHASE_STRIP = NO;
				DEBUG_INFORMATION_FORMAT = "dwarf-with-dsym";
				ENABLE_NS_ASSERTIONS = NO;
				ENABLE_STRICT_OBJC_MSGSEND = YES;
				ENABLE_USER_SCRIPT_SANDBOXING = YES;
				GCC_C_LANGUAGE_STANDARD = gnu17;
				GCC_NO_COMMON_BLOCKS = YES;
				GCC_WARN_64_TO_32_BIT_CONVERSION = YES;
				GCC_WARN_ABOUT_RETURN_TYPE = YES_ERROR;
				GCC_WARN_UNDECLARED_SELECTOR = YES;
				GCC_WARN_UNINITIALIZED_AUTOS = YES_AGGRESSIVE;
				GCC_WARN_UNUSED_FUNCTION = YES;
				GCC_WARN_UNUSED_VARIABLE = YES;
				IPHONEOS_DEPLOYMENT_TARGET = 17.0;
				LOCALIZATION_PREFERS_STRING_CATALOGS = YES;
				MTL_ENABLE_DEBUG_INFO = NO;
				MTL_FAST_MATH = YES;
				SDKROOT = iphoneos;
				SWIFT_COMPILATION_MODE = wholemodule;
				VALIDATE_PRODUCT = YES;
			};
			name = Release;
		};
		76FCDC242B027C2500E55B2A /* Debug */ = {
			isa = XCBuildConfiguration;
			buildSettings = {
				ASSETCATALOG_COMPILER_APPICON_NAME = AppIcon;
				ASSETCATALOG_COMPILER_GLOBAL_ACCENT_COLOR_NAME = AccentColor;
				CODE_SIGN_STYLE = Automatic;
				CURRENT_PROJECT_VERSION = 1;
				DEVELOPMENT_ASSET_PATHS = "\"TheFangScape/Preview Content\"";
				DEVELOPMENT_TEAM = G25XDPJGWQ;
				ENABLE_PREVIEWS = YES;
				GENERATE_INFOPLIST_FILE = YES;
				INFOPLIST_KEY_UIApplicationSceneManifest_Generation = YES;
				INFOPLIST_KEY_UIApplicationSupportsIndirectInputEvents = YES;
				INFOPLIST_KEY_UILaunchScreen_Generation = YES;
				INFOPLIST_KEY_UISupportedInterfaceOrientations_iPad = "UIInterfaceOrientationPortrait UIInterfaceOrientationPortraitUpsideDown UIInterfaceOrientationLandscapeLeft UIInterfaceOrientationLandscapeRight";
				INFOPLIST_KEY_UISupportedInterfaceOrientations_iPhone = "UIInterfaceOrientationPortrait UIInterfaceOrientationLandscapeLeft UIInterfaceOrientationLandscapeRight";
				IPHONEOS_DEPLOYMENT_TARGET = 16.0;
				LD_RUNPATH_SEARCH_PATHS = (
					"$(inherited)",
					"@executable_path/Frameworks",
				);
				MARKETING_VERSION = 1.0;
				PRODUCT_BUNDLE_IDENTIFIER = br.com.ForafaStudios.TheFangScape;
				PRODUCT_NAME = "$(TARGET_NAME)";
				SWIFT_EMIT_LOC_STRINGS = YES;
				SWIFT_VERSION = 5.0;
				TARGETED_DEVICE_FAMILY = "1,2";
			};
			name = Debug;
		};
		76FCDC252B027C2500E55B2A /* Release */ = {
			isa = XCBuildConfiguration;
			buildSettings = {
				ASSETCATALOG_COMPILER_APPICON_NAME = AppIcon;
				ASSETCATALOG_COMPILER_GLOBAL_ACCENT_COLOR_NAME = AccentColor;
				CODE_SIGN_STYLE = Automatic;
				CURRENT_PROJECT_VERSION = 1;
				DEVELOPMENT_ASSET_PATHS = "\"TheFangScape/Preview Content\"";
				DEVELOPMENT_TEAM = G25XDPJGWQ;
				ENABLE_PREVIEWS = YES;
				GENERATE_INFOPLIST_FILE = YES;
				INFOPLIST_KEY_UIApplicationSceneManifest_Generation = YES;
				INFOPLIST_KEY_UIApplicationSupportsIndirectInputEvents = YES;
				INFOPLIST_KEY_UILaunchScreen_Generation = YES;
				INFOPLIST_KEY_UISupportedInterfaceOrientations_iPad = "UIInterfaceOrientationPortrait UIInterfaceOrientationPortraitUpsideDown UIInterfaceOrientationLandscapeLeft UIInterfaceOrientationLandscapeRight";
				INFOPLIST_KEY_UISupportedInterfaceOrientations_iPhone = "UIInterfaceOrientationPortrait UIInterfaceOrientationLandscapeLeft UIInterfaceOrientationLandscapeRight";
				IPHONEOS_DEPLOYMENT_TARGET = 16.0;
				LD_RUNPATH_SEARCH_PATHS = (
					"$(inherited)",
					"@executable_path/Frameworks",
				);
				MARKETING_VERSION = 1.0;
				PRODUCT_BUNDLE_IDENTIFIER = br.com.ForafaStudios.TheFangScape;
				PRODUCT_NAME = "$(TARGET_NAME)";
				SWIFT_EMIT_LOC_STRINGS = YES;
				SWIFT_VERSION = 5.0;
				TARGETED_DEVICE_FAMILY = "1,2";
			};
			name = Release;
		};
/* End XCBuildConfiguration section */

/* Begin XCConfigurationList section */
		76FCDC102B027C2400E55B2A /* Build configuration list for PBXProject "TheFangScape" */ = {
			isa = XCConfigurationList;
			buildConfigurations = (
				76FCDC212B027C2500E55B2A /* Debug */,
				76FCDC222B027C2500E55B2A /* Release */,
			);
			defaultConfigurationIsVisible = 0;
			defaultConfigurationName = Release;
		};
		76FCDC232B027C2500E55B2A /* Build configuration list for PBXNativeTarget "TheFangScape" */ = {
			isa = XCConfigurationList;
			buildConfigurations = (
				76FCDC242B027C2500E55B2A /* Debug */,
				76FCDC252B027C2500E55B2A /* Release */,
			);
			defaultConfigurationIsVisible = 0;
			defaultConfigurationName = Release;
		};
/* End XCConfigurationList section */
	};
	rootObject = 76FCDC0D2B027C2400E55B2A /* Project object */;
}
